{
    "_meta": {
        "hash": {
            "sha256": "ab9106f08d490ba5c0052fa647c024b2d5725cbd46947a810b72dcf15120c5d8"
        },
        "pipfile-spec": 6,
        "requires": {
            "python_version": "2.7"
        },
        "sources": [
            {
                "name": "pypi",
                "url": "https://pypi.org/simple",
                "verify_ssl": true
            }
        ]
    },
    "default": {
        "backports.functools-lru-cache": {
            "hashes": [
                "sha256:9d98697f088eb1b0fa451391f91afb5e3ebde16bbdb272819fd091151fda4f1a",
                "sha256:f0b0e4eba956de51238e17573b7087e852dfe9854afd2e9c873f73fc0ca0a6dd"
            ],
            "markers": "python_version < '3'",
            "version": "==1.5"
        },
        "beautifulsoup4": {
            "hashes": [
                "sha256:1ed70a0e99742653953d68462378a1a8eb65dca5f7c8fa44a05a2a0b3545df67",
                "sha256:6a7f5e0efc563cd1ffeefba6d528b97aa0d313c02dd126ba6c455e5fe5bd48eb",
                "sha256:e394827904cc4923f443e8dd2e9968343669c8e1ad7a8d62d7541e780884acb8"
            ],
            "version": "==4.7.0"
        },
        "bs4": {
            "hashes": [
                "sha256:36ecea1fd7cc5c0c6e4a1ff075df26d50da647b75376626cc186e2212886dd3a"
            ],
            "index": "pypi",
            "version": "==0.0.1"
        },
        "selenium": {
            "hashes": [
                "sha256:2d7131d7bc5a5b99a2d9b04aaf2612c411b03b8ca1b1ee8d3de5845a9be2cb3c",
                "sha256:deaf32b60ad91a4611b98d8002757f29e6f2c2d5fcaf202e1c9ad06d6772300d"
            ],
            "index": "pypi",
            "version": "==3.141.0"
        },
        "soupsieve": {
            "hashes": [
                "sha256:057e08f362a255b457a5781675211556799ed3bb8807506eaac3809390bc304b",
                "sha256:f7d99b41637be2f249dfcc06ae93c13fcbbdfa7bb68b15308cdd0734e58146f1"
            ],
            "version": "==1.6.1"
        },
        "urllib3": {
            "hashes": [
                "sha256:61bf29cada3fc2fbefad4fdf059ea4bd1b4a86d2b6d15e1c7c0b582b9752fe39",
                "sha256:de9529817c93f27c8ccbfead6985011db27bd0ddfcdb2d86f3f663385c6a9c22"
            ],
            "version": "==1.24.1"
        }
    },
    "develop": {}
}
